
Microsoft Visual Studio Solution File, Format Version 12.00
# Visual Studio 15
VisualStudioVersion = 15.0.28010.2019
MinimumVisualStudioVersion = 10.0.40219.1
Project("{F184B08F-C81C-45F6-A57F-5ABD9991F28F}") = "ClassLibrary2", "ClassLibrary2\ClassLibrary2.vbproj", "{21996372-7B4F-42E8-BD10-87BC2B4E8DB0}"
EndProject
Global
	GlobalSection(SolutionConfigurationPlatforms) = preSolution
		Debug|Any CPU = Debug|Any CPU
		Release|Any CPU = Release|Any CPU
	EndGlobalSection
	GlobalSection(ProjectConfigurationPlatforms) = postSolution
		{21996372-7B4F-42E8-BD10-87BC2B4E8DB0}.Debug|Any CPU.ActiveCfg = Debug|Any CPU
		{21996372-7B4F-42E8-BD10-87BC2B4E8DB0}.Debug|Any CPU.Build.0 = Debug|Any CPU
		{21996372-7B4F-42E8-BD10-87BC2B4E8DB0}.Release|Any CPU.ActiveCfg = Release|Any CPU
		{21996372-7B4F-42E8-BD10-87BC2B4E8DB0}.Release|Any CPU.Build.0 = Release|Any CPU
	EndGlobalSection
	GlobalSection(SolutionProperties) = preSolution
		HideSolutionNode = FALSE
	EndGlobalSection
	GlobalSection(ExtensibilityGlobals) = postSolution
		SolutionGuid = {6788B927-E508-452C-A0F9-364A7B87BA07}
	EndGlobalSection
EndGlobal
