
Microsoft Visual Studio Solution File, Format Version 12.00
# Visual Studio 15
VisualStudioVersion = 15.0.28010.2036
MinimumVisualStudioVersion = 10.0.40219.1
Project("{FAE04EC0-301F-11D3-BF4B-00C04F79EFBC}") = "WindowsFormsApp1", "WindowsFormsApp1\WindowsFormsApp1.csproj", "{A21030D3-85FB-46F6-BD7E-6846A0E3C660}"
EndProject
Project("{FAE04EC0-301F-11D3-BF4B-00C04F79EFBC}") = "Business", "Business\Business.csproj", "{64EDA922-D1DA-4165-BE16-643B7C3DD043}"
EndProject
Global
	GlobalSection(SolutionConfigurationPlatforms) = preSolution
		Debug|Any CPU = Debug|Any CPU
		Release|Any CPU = Release|Any CPU
	EndGlobalSection
	GlobalSection(ProjectConfigurationPlatforms) = postSolution
		{A21030D3-85FB-46F6-BD7E-6846A0E3C660}.Debug|Any CPU.ActiveCfg = Debug|Any CPU
		{A21030D3-85FB-46F6-BD7E-6846A0E3C660}.Debug|Any CPU.Build.0 = Debug|Any CPU
		{A21030D3-85FB-46F6-BD7E-6846A0E3C660}.Release|Any CPU.ActiveCfg = Release|Any CPU
		{A21030D3-85FB-46F6-BD7E-6846A0E3C660}.Release|Any CPU.Build.0 = Release|Any CPU
		{64EDA922-D1DA-4165-BE16-643B7C3DD043}.Debug|Any CPU.ActiveCfg = Debug|Any CPU
		{64EDA922-D1DA-4165-BE16-643B7C3DD043}.Debug|Any CPU.Build.0 = Debug|Any CPU
		{64EDA922-D1DA-4165-BE16-643B7C3DD043}.Release|Any CPU.ActiveCfg = Release|Any CPU
		{64EDA922-D1DA-4165-BE16-643B7C3DD043}.Release|Any CPU.Build.0 = Release|Any CPU
	EndGlobalSection
	GlobalSection(SolutionProperties) = preSolution
		HideSolutionNode = FALSE
	EndGlobalSection
	GlobalSection(ExtensibilityGlobals) = postSolution
		SolutionGuid = {119EB082-5942-4B00-B64C-CF88687485C0}
	EndGlobalSection
EndGlobal
